// !$*UTF8*$!
{
	archiveVersion = 1;
	classes = {
	};
	objectVersion = 55;
	objects = {

/* Begin PBXBuildFile section */
		08B782AFDAFD006BBDBBDA08 /* CoreKit.framework in Embed Frameworks */ = {isa = PBXBuildFile; fileRef = 74C1B5752A652418CFB9810E /* CoreKit.framework */; settings = {ATTRIBUTES = (CodeSignOnCopy, RemoveHeadersOnCopy, ); }; };
		09BA57F3E389333BBAEEA91A /* ComposableArchitecture in Frameworks */ = {isa = PBXBuildFile; productRef = 9ED7282505F3FF834D4644B2 /* ComposableArchitecture */; };
		0E3D51B8C10DFDC34B06B723 /* Networking.framework in Frameworks */ = {isa = PBXBuildFile; fileRef = 861F7A404B97C3C05A98287E /* Networking.framework */; };
		16184C8516A87E358229E6D6 /* AppView.swift in Sources */ = {isa = PBXBuildFile; fileRef = 641F4403701A178D1B2CEF01 /* AppView.swift */; };
		27028F5EC96B52F7E022C020 /* Date+RelativeFormat.swift in Sources */ = {isa = PBXBuildFile; fileRef = BB94ACA6884DC02BEE3C25AF /* Date+RelativeFormat.swift */; };
		289AE67B09ED41FC21FCB3F3 /* KeychainTokenStore.swift in Sources */ = {isa = PBXBuildFile; fileRef = 80E3A5E7C3B0EF3207A1EAB2 /* KeychainTokenStore.swift */; };
		28C357CC2672DE30DCEF8A25 /* Spacing.swift in Sources */ = {isa = PBXBuildFile; fileRef = 87F88851BCADA5E9CC8B7D65 /* Spacing.swift */; };
		2A7604A47BEC9B6E35BBF3F9 /* SpaceRepositoryProtocol.swift in Sources */ = {isa = PBXBuildFile; fileRef = 421C7B41D6EF7C2783362CDE /* SpaceRepositoryProtocol.swift */; };
		2BFF92F87D5B8D9A85206EB7 /* TokenStoreProtocol.swift in Sources */ = {isa = PBXBuildFile; fileRef = BDCDF75648B2C83EE1380EBA /* TokenStoreProtocol.swift */; };
		2D87D4429FBA92F33366307A /* AuthFeature.swift in Sources */ = {isa = PBXBuildFile; fileRef = 347A2F384AF618805EBDF455 /* AuthFeature.swift */; };
		2E3DC543252E1812BB75E612 /* Space.swift in Sources */ = {isa = PBXBuildFile; fileRef = B08B447240E37EAE84C7F16B /* Space.swift */; };
		300EE6A851ABB873774F001F /* AuthRepositoryProtocol.swift in Sources */ = {isa = PBXBuildFile; fileRef = FAC1AD79E8787A36F955EA4A /* AuthRepositoryProtocol.swift */; };
		382AA42877A66D5DE09587E1 /* ComposableArchitecture in Frameworks */ = {isa = PBXBuildFile; productRef = EA6921ACCFA9836161D8597B /* ComposableArchitecture */; };
		391A62FF82ED523CD9ED1F09 /* AuthRepositoryImpl.swift in Sources */ = {isa = PBXBuildFile; fileRef = 0C1B72402603D12CBCA8BBE6 /* AuthRepositoryImpl.swift */; };
		3A275CFF65C0CF6834445214 /* Networking.framework in Embed Frameworks */ = {isa = PBXBuildFile; fileRef = 861F7A404B97C3C05A98287E /* Networking.framework */; settings = {ATTRIBUTES = (CodeSignOnCopy, RemoveHeadersOnCopy, ); }; };
		466C46C0B92BC3DD3671F55B /* CoreKit.framework in Frameworks */ = {isa = PBXBuildFile; fileRef = 74C1B5752A652418CFB9810E /* CoreKit.framework */; };
		46C7DFFB2ED0CE10B4AB6702 /* AuthFeature.framework in Embed Frameworks */ = {isa = PBXBuildFile; fileRef = 17999797966833CAFE799402 /* AuthFeature.framework */; settings = {ATTRIBUTES = (CodeSignOnCopy, RemoveHeadersOnCopy, ); }; };
		56441482B7DB572D7286CAE1 /* Endpoint.swift in Sources */ = {isa = PBXBuildFile; fileRef = 6F25307E059A65F5F0C4F6A5 /* Endpoint.swift */; };
		5F51440F5F6CA6B1EAC490FA /* MomentUIKit.framework in Frameworks */ = {isa = PBXBuildFile; fileRef = 5F2D8657A700919F85FBA723 /* MomentUIKit.framework */; };
		64EF156BBF1C280DCE396DE7 /* ApiEnvelope.swift in Sources */ = {isa = PBXBuildFile; fileRef = 48890929EEC1DB33E3E19653 /* ApiEnvelope.swift */; };
		653922728A0E992CD6C6F873 /* MomentApp.swift in Sources */ = {isa = PBXBuildFile; fileRef = E542170D7175D2699575215A /* MomentApp.swift */; };
		6A0D6C09A4D88BF7C5630D50 /* DomainError.swift in Sources */ = {isa = PBXBuildFile; fileRef = F498BC1AAFFDA765FC2CA306 /* DomainError.swift */; };
		6F5524943824D4D68AFA3B66 /* Domain.framework in Embed Frameworks */ = {isa = PBXBuildFile; fileRef = B07CD609590736578C0A259D /* Domain.framework */; settings = {ATTRIBUTES = (CodeSignOnCopy, RemoveHeadersOnCopy, ); }; };
		7180F7C5E4B2AA2F1FF584D2 /* MomentAPIClient.swift in Sources */ = {isa = PBXBuildFile; fileRef = A9231781458E1B42DB96ABE7 /* MomentAPIClient.swift */; };
		71C653C59BDCB81F5FBC2057 /* Moment.swift in Sources */ = {isa = PBXBuildFile; fileRef = 50EB1C18B4D56BFC7790161B /* Moment.swift */; };
		73A7B5C1A3B214AB0DDDDC4D /* UserRepositoryImpl.swift in Sources */ = {isa = PBXBuildFile; fileRef = 131D67C0DEE0B7880B3BA79B /* UserRepositoryImpl.swift */; };
		7717BB293BB671C280F46DD9 /* AuthRequestInterceptor.swift in Sources */ = {isa = PBXBuildFile; fileRef = 6228E4B869A94B43BC3BDA57 /* AuthRequestInterceptor.swift */; };
		77C5F46FDA9B5E6071E16CEF /* SpaceDTO.swift in Sources */ = {isa = PBXBuildFile; fileRef = D2BD48F3E6A844E0EC692993 /* SpaceDTO.swift */; };
		7D30C3A0363E289A19370938 /* AuthFeature.framework in Frameworks */ = {isa = PBXBuildFile; fileRef = 17999797966833CAFE799402 /* AuthFeature.framework */; };
		7E122AB5917BFE820D4A372E /* ComposableArchitecture in Frameworks */ = {isa = PBXBuildFile; productRef = 109BEF0EDCC3DD6780E6AA4A /* ComposableArchitecture */; };
		7E3D02BD14E6633DAA01314E /* Domain.framework in Frameworks */ = {isa = PBXBuildFile; fileRef = B07CD609590736578C0A259D /* Domain.framework */; };
		7E3E66C664817E7AE0ADA63D /* Placeholder.swift in Sources */ = {isa = PBXBuildFile; fileRef = C90559271565EF593D19B0AC /* Placeholder.swift */; };
		8224FE2B6F51996A3FD1BA08 /* ConnectFeature.framework in Embed Frameworks */ = {isa = PBXBuildFile; fileRef = 8215299A1EF7EC528FFBF42B /* ConnectFeature.framework */; settings = {ATTRIBUTES = (CodeSignOnCopy, RemoveHeadersOnCopy, ); }; };
		87DB956540999A2CEB9C31B6 /* Domain.framework in Frameworks */ = {isa = PBXBuildFile; fileRef = B07CD609590736578C0A259D /* Domain.framework */; };
		8A0C6EE78A74757B8C306D00 /* Domain.framework in Frameworks */ = {isa = PBXBuildFile; fileRef = B07CD609590736578C0A259D /* Domain.framework */; };
		9A89BCFE11D5815C577B7869 /* ConnectFeature.swift in Sources */ = {isa = PBXBuildFile; fileRef = CA4D941C1F5CA10573E52DC5 /* ConnectFeature.swift */; };
		9DB09C3EEF58024EF9726C79 /* SpaceRepositoryImpl.swift in Sources */ = {isa = PBXBuildFile; fileRef = F6528E62E7637BF794FDBF36 /* SpaceRepositoryImpl.swift */; };
		A19643231017ACD6B5E6F7A4 /* MomentUIKit.framework in Frameworks */ = {isa = PBXBuildFile; fileRef = 5F2D8657A700919F85FBA723 /* MomentUIKit.framework */; };
		B2AA674D4A3494E79213DE5E /* MomentRepositoryProtocol.swift in Sources */ = {isa = PBXBuildFile; fileRef = 0C04DD09D2910B8D7A5737C3 /* MomentRepositoryProtocol.swift */; };
		B4E6500C9C9ABDB291FFBA7D /* SpaceType.swift in Sources */ = {isa = PBXBuildFile; fileRef = 9C2E9457616CA1993E0FBE4A /* SpaceType.swift */; };
		C005518655BCF37B5F941BF2 /* Logger.swift in Sources */ = {isa = PBXBuildFile; fileRef = 0DEA884961484C3152F5840D /* Logger.swift */; };
		C03CFA8864929E243243B56A /* MomentTypography.swift in Sources */ = {isa = PBXBuildFile; fileRef = D057221CFBE228EC45112DBC /* MomentTypography.swift */; };
		C375328DBD716279C18D0A15 /* UserRepositoryProtocol.swift in Sources */ = {isa = PBXBuildFile; fileRef = 218C265BB6F7EF9DE3B9028E /* UserRepositoryProtocol.swift */; };
		C409567BF943DA3FF8A8CBC4 /* ConnectFeature.framework in Frameworks */ = {isa = PBXBuildFile; fileRef = 8215299A1EF7EC528FFBF42B /* ConnectFeature.framework */; };
		CA2F83968206B8126D41E356 /* MomentUIKit.framework in Embed Frameworks */ = {isa = PBXBuildFile; fileRef = 5F2D8657A700919F85FBA723 /* MomentUIKit.framework */; settings = {ATTRIBUTES = (CodeSignOnCopy, RemoveHeadersOnCopy, ); }; };
		D21B91760E9BAE37C9DF8C67 /* UserProfileDTO.swift in Sources */ = {isa = PBXBuildFile; fileRef = BE113D20EF1DFC4E67E6B647 /* UserProfileDTO.swift */; };
		D37475517F615CCBAF58B2E8 /* Invitation.swift in Sources */ = {isa = PBXBuildFile; fileRef = E83D34AAB0B506E6EB1A0FC7 /* Invitation.swift */; };
		D5AA3ACDF4041548C265EBDA /* UserProfile.swift in Sources */ = {isa = PBXBuildFile; fileRef = 382A0FFED579C9E2C0DACDEF /* UserProfile.swift */; };
		D64DC82376FCFD4D7F657ACB /* Alamofire in Frameworks */ = {isa = PBXBuildFile; productRef = 0E47A587CD297439FB4909C8 /* Alamofire */; };
		DE66AE96F436735470F63F4D /* MomentColor.swift in Sources */ = {isa = PBXBuildFile; fileRef = 37F89E6778DD8066420AE603 /* MomentColor.swift */; };
		DF4FA1C3B122F78DC9D46114 /* MomentRepositoryImpl.swift in Sources */ = {isa = PBXBuildFile; fileRef = E52275CCAB7AB29F6C6DE84C /* MomentRepositoryImpl.swift */; };
		E234D78A9EB41D77244E3C14 /* InvitationDTO.swift in Sources */ = {isa = PBXBuildFile; fileRef = 5AB97966EB9D69C9FA5761FB /* InvitationDTO.swift */; };
		E3FB390E678DB0CF83C8F77B /* Domain.framework in Frameworks */ = {isa = PBXBuildFile; fileRef = B07CD609590736578C0A259D /* Domain.framework */; };
		EDBEF4FBCD823B134D46B54F /* MomentUIKit.framework in Frameworks */ = {isa = PBXBuildFile; fileRef = 5F2D8657A700919F85FBA723 /* MomentUIKit.framework */; };
		FC87652F850D2437880CDB5C /* APIClientProtocol.swift in Sources */ = {isa = PBXBuildFile; fileRef = E75BF752AFFA51195FBEFD87 /* APIClientProtocol.swift */; };
/* End PBXBuildFile section */

/* Begin PBXContainerItemProxy section */
		1393BACB269EB35CB0925891 /* PBXContainerItemProxy */ = {
			isa = PBXContainerItemProxy;
			containerPortal = 03315C3312CAE6422B20B4BD /* Project object */;
			proxyType = 1;
			remoteGlobalIDString = 32AE76BA66F0F6ED7046ACCE;
			remoteInfo = AuthFeature;
		};
		53473016EED52D478BA5B406 /* PBXContainerItemProxy */ = {
			isa = PBXContainerItemProxy;
			containerPortal = 03315C3312CAE6422B20B4BD /* Project object */;
			proxyType = 1;
			remoteGlobalIDString = B125BA4E78EB9CDE4B24C3C2;
			remoteInfo = Domain;
		};
		6376D801B738810CC881FBA3 /* PBXContainerItemProxy */ = {
			isa = PBXContainerItemProxy;
			containerPortal = 03315C3312CAE6422B20B4BD /* Project object */;
			proxyType = 1;
			remoteGlobalIDString = 75D43E6577B9BEE341F8C85F;
			remoteInfo = CoreKit;
		};
		65F824B548E03E91CE40543C /* PBXContainerItemProxy */ = {
			isa = PBXContainerItemProxy;
			containerPortal = 03315C3312CAE6422B20B4BD /* Project object */;
			proxyType = 1;
			remoteGlobalIDString = 4B84B8AD7C6D203E007907E0;
			remoteInfo = MomentUIKit;
		};
		7AC0338FA057ECFACD00D4FB /* PBXContainerItemProxy */ = {
			isa = PBXContainerItemProxy;
			containerPortal = 03315C3312CAE6422B20B4BD /* Project object */;
			proxyType = 1;
			remoteGlobalIDString = B125BA4E78EB9CDE4B24C3C2;
			remoteInfo = Domain;
		};
		7C9B25888290B79FB4652ADC /* PBXContainerItemProxy */ = {
			isa = PBXContainerItemProxy;
			containerPortal = 03315C3312CAE6422B20B4BD /* Project object */;
			proxyType = 1;
			remoteGlobalIDString = B125BA4E78EB9CDE4B24C3C2;
			remoteInfo = Domain;
		};
		7D305F87668F1DF58F3BA74A /* PBXContainerItemProxy */ = {
			isa = PBXContainerItemProxy;
			containerPortal = 03315C3312CAE6422B20B4BD /* Project object */;
			proxyType = 1;
			remoteGlobalIDString = 4B84B8AD7C6D203E007907E0;
			remoteInfo = MomentUIKit;
		};
		7F6E90D521FF28C38317CC66 /* PBXContainerItemProxy */ = {
			isa = PBXContainerItemProxy;
			containerPortal = 03315C3312CAE6422B20B4BD /* Project object */;
			proxyType = 1;
			remoteGlobalIDString = F8C3F28D3C50B5DFA7A083F2;
			remoteInfo = ConnectFeature;
		};
		986EDC279E76A11B570D7B8F /* PBXContainerItemProxy */ = {
			isa = PBXContainerItemProxy;
			containerPortal = 03315C3312CAE6422B20B4BD /* Project object */;
			proxyType = 1;
			remoteGlobalIDString = F5BB0BACABF02D3EB8523BCF;
			remoteInfo = Networking;
		};
		9F518E4F56F7153B18A82D73 /* PBXContainerItemProxy */ = {
			isa = PBXContainerItemProxy;
			containerPortal = 03315C3312CAE6422B20B4BD /* Project object */;
			proxyType = 1;
			remoteGlobalIDString = B125BA4E78EB9CDE4B24C3C2;
			remoteInfo = Domain;
		};
		E0CB58CF174E50B4FE8089F6 /* PBXContainerItemProxy */ = {
			isa = PBXContainerItemProxy;
			containerPortal = 03315C3312CAE6422B20B4BD /* Project object */;
			proxyType = 1;
			remoteGlobalIDString = 4B84B8AD7C6D203E007907E0;
			remoteInfo = MomentUIKit;
		};
/* End PBXContainerItemProxy section */

/* Begin PBXCopyFilesBuildPhase section */
		02A4735AD71285CE813313C0 /* Embed Frameworks */ = {
			isa = PBXCopyFilesBuildPhase;
			buildActionMask = 2147483647;
			dstPath = "";
			dstSubfolderSpec = 10;
			files = (
			);
			name = "Embed Frameworks";
			runOnlyForDeploymentPostprocessing = 0;
		};
		5EAC010FD1E384128ECF2725 /* Embed Frameworks */ = {
			isa = PBXCopyFilesBuildPhase;
			buildActionMask = 2147483647;
			dstPath = "";
			dstSubfolderSpec = 10;
			files = (
			);
			name = "Embed Frameworks";
			runOnlyForDeploymentPostprocessing = 0;
		};
		766F85E9145C914CBBB1A4DE /* Embed Frameworks */ = {
			isa = PBXCopyFilesBuildPhase;
			buildActionMask = 2147483647;
			dstPath = "";
			dstSubfolderSpec = 10;
			files = (
			);
			name = "Embed Frameworks";
			runOnlyForDeploymentPostprocessing = 0;
		};
		7A9598C61B15A7389079B123 /* Embed Frameworks */ = {
			isa = PBXCopyFilesBuildPhase;
			buildActionMask = 2147483647;
			dstPath = "";
			dstSubfolderSpec = 10;
			files = (
			);
			name = "Embed Frameworks";
			runOnlyForDeploymentPostprocessing = 0;
		};
		B5A10E1BAF9A4A54754C10DD /* Embed Frameworks */ = {
			isa = PBXCopyFilesBuildPhase;
			buildActionMask = 2147483647;
			dstPath = "";
			dstSubfolderSpec = 10;
			files = (
			);
			name = "Embed Frameworks";
			runOnlyForDeploymentPostprocessing = 0;
		};
		D607A0A4A738A43AD6118499 /* Embed Frameworks */ = {
			isa = PBXCopyFilesBuildPhase;
			buildActionMask = 2147483647;
			dstPath = "";
			dstSubfolderSpec = 10;
			files = (
				46C7DFFB2ED0CE10B4AB6702 /* AuthFeature.framework in Embed Frameworks */,
				8224FE2B6F51996A3FD1BA08 /* ConnectFeature.framework in Embed Frameworks */,
				08B782AFDAFD006BBDBBDA08 /* CoreKit.framework in Embed Frameworks */,
				6F5524943824D4D68AFA3B66 /* Domain.framework in Embed Frameworks */,
				CA2F83968206B8126D41E356 /* MomentUIKit.framework in Embed Frameworks */,
				3A275CFF65C0CF6834445214 /* Networking.framework in Embed Frameworks */,
			);
			name = "Embed Frameworks";
			runOnlyForDeploymentPostprocessing = 0;
		};
		E51DEE5607797752A739E933 /* Embed Frameworks */ = {
			isa = PBXCopyFilesBuildPhase;
			buildActionMask = 2147483647;
			dstPath = "";
			dstSubfolderSpec = 10;
			files = (
			);
			name = "Embed Frameworks";
			runOnlyForDeploymentPostprocessing = 0;
		};
/* End PBXCopyFilesBuildPhase section */

/* Begin PBXFileReference section */
		0C04DD09D2910B8D7A5737C3 /* MomentRepositoryProtocol.swift */ = {isa = PBXFileReference; lastKnownFileType = sourcecode.swift; path = MomentRepositoryProtocol.swift; sourceTree = "<group>"; };
		0C1B72402603D12CBCA8BBE6 /* AuthRepositoryImpl.swift */ = {isa = PBXFileReference; lastKnownFileType = sourcecode.swift; path = AuthRepositoryImpl.swift; sourceTree = "<group>"; };
		0DEA884961484C3152F5840D /* Logger.swift */ = {isa = PBXFileReference; lastKnownFileType = sourcecode.swift; path = Logger.swift; sourceTree = "<group>"; };
		131D67C0DEE0B7880B3BA79B /* UserRepositoryImpl.swift */ = {isa = PBXFileReference; lastKnownFileType = sourcecode.swift; path = UserRepositoryImpl.swift; sourceTree = "<group>"; };
		17999797966833CAFE799402 /* AuthFeature.framework */ = {isa = PBXFileReference; explicitFileType = wrapper.framework; includeInIndex = 0; path = AuthFeature.framework; sourceTree = BUILT_PRODUCTS_DIR; };
		218C265BB6F7EF9DE3B9028E /* UserRepositoryProtocol.swift */ = {isa = PBXFileReference; lastKnownFileType = sourcecode.swift; path = UserRepositoryProtocol.swift; sourceTree = "<group>"; };
		347A2F384AF618805EBDF455 /* AuthFeature.swift */ = {isa = PBXFileReference; lastKnownFileType = sourcecode.swift; path = AuthFeature.swift; sourceTree = "<group>"; };
		37F89E6778DD8066420AE603 /* MomentColor.swift */ = {isa = PBXFileReference; lastKnownFileType = sourcecode.swift; path = MomentColor.swift; sourceTree = "<group>"; };
		382A0FFED579C9E2C0DACDEF /* UserProfile.swift */ = {isa = PBXFileReference; lastKnownFileType = sourcecode.swift; path = UserProfile.swift; sourceTree = "<group>"; };
		3BD8AD97D315258006FA9F83 /* MomentApp-Info.plist */ = {isa = PBXFileReference; lastKnownFileType = text.plist; path = "MomentApp-Info.plist"; sourceTree = "<group>"; };
		421C7B41D6EF7C2783362CDE /* SpaceRepositoryProtocol.swift */ = {isa = PBXFileReference; lastKnownFileType = sourcecode.swift; path = SpaceRepositoryProtocol.swift; sourceTree = "<group>"; };
		48890929EEC1DB33E3E19653 /* ApiEnvelope.swift */ = {isa = PBXFileReference; lastKnownFileType = sourcecode.swift; path = ApiEnvelope.swift; sourceTree = "<group>"; };
		4C8E03B914507E11CEC9FBEE /* MomentApp.app */ = {isa = PBXFileReference; explicitFileType = wrapper.application; includeInIndex = 0; path = MomentApp.app; sourceTree = BUILT_PRODUCTS_DIR; };
		50EB1C18B4D56BFC7790161B /* Moment.swift */ = {isa = PBXFileReference; lastKnownFileType = sourcecode.swift; path = Moment.swift; sourceTree = "<group>"; };
		543C8B215FD35AF38607ED16 /* MomentUIKit-Info.plist */ = {isa = PBXFileReference; lastKnownFileType = text.plist; path = "MomentUIKit-Info.plist"; sourceTree = "<group>"; };
		5AB97966EB9D69C9FA5761FB /* InvitationDTO.swift */ = {isa = PBXFileReference; lastKnownFileType = sourcecode.swift; path = InvitationDTO.swift; sourceTree = "<group>"; };
		5F2D8657A700919F85FBA723 /* MomentUIKit.framework */ = {isa = PBXFileReference; explicitFileType = wrapper.framework; includeInIndex = 0; path = MomentUIKit.framework; sourceTree = BUILT_PRODUCTS_DIR; };
		6228E4B869A94B43BC3BDA57 /* AuthRequestInterceptor.swift */ = {isa = PBXFileReference; lastKnownFileType = sourcecode.swift; path = AuthRequestInterceptor.swift; sourceTree = "<group>"; };
		641F4403701A178D1B2CEF01 /* AppView.swift */ = {isa = PBXFileReference; lastKnownFileType = sourcecode.swift; path = AppView.swift; sourceTree = "<group>"; };
		6F25307E059A65F5F0C4F6A5 /* Endpoint.swift */ = {isa = PBXFileReference; lastKnownFileType = sourcecode.swift; path = Endpoint.swift; sourceTree = "<group>"; };
		720B620D2E63F9B28555E882 /* CoreKit-Info.plist */ = {isa = PBXFileReference; lastKnownFileType = text.plist; path = "CoreKit-Info.plist"; sourceTree = "<group>"; };
		74C1B5752A652418CFB9810E /* CoreKit.framework */ = {isa = PBXFileReference; explicitFileType = wrapper.framework; includeInIndex = 0; path = CoreKit.framework; sourceTree = BUILT_PRODUCTS_DIR; };
		8080B92B58E785653A74807D /* Domain-Info.plist */ = {isa = PBXFileReference; lastKnownFileType = text.plist; path = "Domain-Info.plist"; sourceTree = "<group>"; };
		80E3A5E7C3B0EF3207A1EAB2 /* KeychainTokenStore.swift */ = {isa = PBXFileReference; lastKnownFileType = sourcecode.swift; path = KeychainTokenStore.swift; sourceTree = "<group>"; };
		8215299A1EF7EC528FFBF42B /* ConnectFeature.framework */ = {isa = PBXFileReference; explicitFileType = wrapper.framework; includeInIndex = 0; path = ConnectFeature.framework; sourceTree = BUILT_PRODUCTS_DIR; };
		861F7A404B97C3C05A98287E /* Networking.framework */ = {isa = PBXFileReference; explicitFileType = wrapper.framework; includeInIndex = 0; path = Networking.framework; sourceTree = BUILT_PRODUCTS_DIR; };
		87F88851BCADA5E9CC8B7D65 /* Spacing.swift */ = {isa = PBXFileReference; lastKnownFileType = sourcecode.swift; path = Spacing.swift; sourceTree = "<group>"; };
		9742D8865A08259F150DD690 /* AuthFeature-Info.plist */ = {isa = PBXFileReference; lastKnownFileType = text.plist; path = "AuthFeature-Info.plist"; sourceTree = "<group>"; };
		9C2E9457616CA1993E0FBE4A /* SpaceType.swift */ = {isa = PBXFileReference; lastKnownFileType = sourcecode.swift; path = SpaceType.swift; sourceTree = "<group>"; };
		A9231781458E1B42DB96ABE7 /* MomentAPIClient.swift */ = {isa = PBXFileReference; lastKnownFileType = sourcecode.swift; path = MomentAPIClient.swift; sourceTree = "<group>"; };
		AA21FD2D9A67AABD0A650AA5 /* Networking-Info.plist */ = {isa = PBXFileReference; lastKnownFileType = text.plist; path = "Networking-Info.plist"; sourceTree = "<group>"; };
		B07CD609590736578C0A259D /* Domain.framework */ = {isa = PBXFileReference; explicitFileType = wrapper.framework; includeInIndex = 0; path = Domain.framework; sourceTree = BUILT_PRODUCTS_DIR; };
		B08B447240E37EAE84C7F16B /* Space.swift */ = {isa = PBXFileReference; lastKnownFileType = sourcecode.swift; path = Space.swift; sourceTree = "<group>"; };
		B10B11DA5AB3C1BF1A485C38 /* ConnectFeature-Info.plist */ = {isa = PBXFileReference; lastKnownFileType = text.plist; path = "ConnectFeature-Info.plist"; sourceTree = "<group>"; };
		BB94ACA6884DC02BEE3C25AF /* Date+RelativeFormat.swift */ = {isa = PBXFileReference; lastKnownFileType = sourcecode.swift; path = "Date+RelativeFormat.swift"; sourceTree = "<group>"; };
		BDCDF75648B2C83EE1380EBA /* TokenStoreProtocol.swift */ = {isa = PBXFileReference; lastKnownFileType = sourcecode.swift; path = TokenStoreProtocol.swift; sourceTree = "<group>"; };
		BE113D20EF1DFC4E67E6B647 /* UserProfileDTO.swift */ = {isa = PBXFileReference; lastKnownFileType = sourcecode.swift; path = UserProfileDTO.swift; sourceTree = "<group>"; };
		C90559271565EF593D19B0AC /* Placeholder.swift */ = {isa = PBXFileReference; lastKnownFileType = sourcecode.swift; path = Placeholder.swift; sourceTree = "<group>"; };
		CA4D941C1F5CA10573E52DC5 /* ConnectFeature.swift */ = {isa = PBXFileReference; lastKnownFileType = sourcecode.swift; path = ConnectFeature.swift; sourceTree = "<group>"; };
		D057221CFBE228EC45112DBC /* MomentTypography.swift */ = {isa = PBXFileReference; lastKnownFileType = sourcecode.swift; path = MomentTypography.swift; sourceTree = "<group>"; };
		D2BD48F3E6A844E0EC692993 /* SpaceDTO.swift */ = {isa = PBXFileReference; lastKnownFileType = sourcecode.swift; path = SpaceDTO.swift; sourceTree = "<group>"; };
		E52275CCAB7AB29F6C6DE84C /* MomentRepositoryImpl.swift */ = {isa = PBXFileReference; lastKnownFileType = sourcecode.swift; path = MomentRepositoryImpl.swift; sourceTree = "<group>"; };
		E542170D7175D2699575215A /* MomentApp.swift */ = {isa = PBXFileReference; lastKnownFileType = sourcecode.swift; path = MomentApp.swift; sourceTree = "<group>"; };
		E75BF752AFFA51195FBEFD87 /* APIClientProtocol.swift */ = {isa = PBXFileReference; lastKnownFileType = sourcecode.swift; path = APIClientProtocol.swift; sourceTree = "<group>"; };
		E83D34AAB0B506E6EB1A0FC7 /* Invitation.swift */ = {isa = PBXFileReference; lastKnownFileType = sourcecode.swift; path = Invitation.swift; sourceTree = "<group>"; };
		F498BC1AAFFDA765FC2CA306 /* DomainError.swift */ = {isa = PBXFileReference; lastKnownFileType = sourcecode.swift; path = DomainError.swift; sourceTree = "<group>"; };
		F6528E62E7637BF794FDBF36 /* SpaceRepositoryImpl.swift */ = {isa = PBXFileReference; lastKnownFileType = sourcecode.swift; path = SpaceRepositoryImpl.swift; sourceTree = "<group>"; };
		FAC1AD79E8787A36F955EA4A /* AuthRepositoryProtocol.swift */ = {isa = PBXFileReference; lastKnownFileType = sourcecode.swift; path = AuthRepositoryProtocol.swift; sourceTree = "<group>"; };
/* End PBXFileReference section */

/* Begin PBXFrameworksBuildPhase section */
		2AD866BEBF1FA690639C76F2 /* Frameworks */ = {
			isa = PBXFrameworksBuildPhase;
			buildActionMask = 2147483647;
			files = (
				8A0C6EE78A74757B8C306D00 /* Domain.framework in Frameworks */,
				A19643231017ACD6B5E6F7A4 /* MomentUIKit.framework in Frameworks */,
				09BA57F3E389333BBAEEA91A /* ComposableArchitecture in Frameworks */,
			);
			runOnlyForDeploymentPostprocessing = 0;
		};
		3340B7931A37E2117506712D /* Frameworks */ = {
			isa = PBXFrameworksBuildPhase;
			buildActionMask = 2147483647;
			files = (
			);
			runOnlyForDeploymentPostprocessing = 0;
		};
		3B0AA82D03C05F3732359BD3 /* Frameworks */ = {
			isa = PBXFrameworksBuildPhase;
			buildActionMask = 2147483647;
			files = (
			);
			runOnlyForDeploymentPostprocessing = 0;
		};
		4B26236E7A95E19F96600764 /* Frameworks */ = {
			isa = PBXFrameworksBuildPhase;
			buildActionMask = 2147483647;
			files = (
				466C46C0B92BC3DD3671F55B /* CoreKit.framework in Frameworks */,
			);
			runOnlyForDeploymentPostprocessing = 0;
		};
		6A380118DD59570C96E8343F /* Frameworks */ = {
			isa = PBXFrameworksBuildPhase;
			buildActionMask = 2147483647;
			files = (
				7E3D02BD14E6633DAA01314E /* Domain.framework in Frameworks */,
				D64DC82376FCFD4D7F657ACB /* Alamofire in Frameworks */,
			);
			runOnlyForDeploymentPostprocessing = 0;
		};
		6A7D0341A1BF509C5CD674EC /* Frameworks */ = {
			isa = PBXFrameworksBuildPhase;
			buildActionMask = 2147483647;
			files = (
				7D30C3A0363E289A19370938 /* AuthFeature.framework in Frameworks */,
				C409567BF943DA3FF8A8CBC4 /* ConnectFeature.framework in Frameworks */,
				E3FB390E678DB0CF83C8F77B /* Domain.framework in Frameworks */,
				5F51440F5F6CA6B1EAC490FA /* MomentUIKit.framework in Frameworks */,
				0E3D51B8C10DFDC34B06B723 /* Networking.framework in Frameworks */,
				7E122AB5917BFE820D4A372E /* ComposableArchitecture in Frameworks */,
			);
			runOnlyForDeploymentPostprocessing = 0;
		};
		FACF5211DF1691A09A1D7E29 /* Frameworks */ = {
			isa = PBXFrameworksBuildPhase;
			buildActionMask = 2147483647;
			files = (
				87DB956540999A2CEB9C31B6 /* Domain.framework in Frameworks */,
				EDBEF4FBCD823B134D46B54F /* MomentUIKit.framework in Frameworks */,
				382AA42877A66D5DE09587E1 /* ComposableArchitecture in Frameworks */,
			);
			runOnlyForDeploymentPostprocessing = 0;
		};
/* End PBXFrameworksBuildPhase section */

/* Begin PBXGroup section */
		134AC0CDEF4B861EE918A908 /* Core */ = {
			isa = PBXGroup;
			children = (
				173A224FDA81570D90C52524 /* CoreKit */,
				C5D00F810E38DDBB648F4E49 /* DesignSystem */,
				9D55F3053B0CE57BCC90CCCA /* Networking */,
			);
			path = Core;
			sourceTree = "<group>";
		};
		13E0BC85645B1327451C6F1D /* Extensions */ = {
			isa = PBXGroup;
			children = (
				BB94ACA6884DC02BEE3C25AF /* Date+RelativeFormat.swift */,
			);
			path = Extensions;
			sourceTree = "<group>";
		};
		173A224FDA81570D90C52524 /* CoreKit */ = {
			isa = PBXGroup;
			children = (
				C7DB4CBAB0214806B05631E8 /* Sources */,
			);
			path = CoreKit;
			sourceTree = "<group>";
		};
		21DA675BFE5F0077D0A0864A /* Errors */ = {
			isa = PBXGroup;
			children = (
				F498BC1AAFFDA765FC2CA306 /* DomainError.swift */,
			);
			path = Errors;
			sourceTree = "<group>";
		};
		413A9983C7C419E006587025 /* Targets */ = {
			isa = PBXGroup;
			children = (
				932AE3BC4D5ED6A1F1FA1710 /* App */,
				134AC0CDEF4B861EE918A908 /* Core */,
				D1858ECF6CF9EF60BBC2AF94 /* Domain */,
				A459E90FFEE48EBBDA39CAC5 /* Features */,
			);
			path = Targets;
			sourceTree = "<group>";
		};
		4185C374595B5052ED1D892D /* AuthFeature */ = {
			isa = PBXGroup;
			children = (
				ED079756A5A8E82E4CF8BFA0 /* Sources */,
			);
			path = AuthFeature;
			sourceTree = "<group>";
		};
		4203D7D0682B0DD82D699816 /* Derived */ = {
			isa = PBXGroup;
			children = (
				D9D4AB9B3633D5B233EC455B /* InfoPlists */,
			);
			path = Derived;
			sourceTree = "<group>";
		};
		4239D346AEA29895208A2A00 /* ConnectFeature */ = {
			isa = PBXGroup;
			children = (
				FABB990C70001A590A0FA47E /* Sources */,
			);
			path = ConnectFeature;
			sourceTree = "<group>";
		};
		496C2DD4F4A2AF5806A0B4F2 = {
			isa = PBXGroup;
			children = (
				B623A97A9744CB4F418D8ED6 /* Products */,
				7F0DEC6A45F8D5DCDFA08913 /* Project */,
			);
			sourceTree = "<group>";
		};
		49D57303BB95F37A3CD36E91 /* DTOs */ = {
			isa = PBXGroup;
			children = (
				5AB97966EB9D69C9FA5761FB /* InvitationDTO.swift */,
				D2BD48F3E6A844E0EC692993 /* SpaceDTO.swift */,
				BE113D20EF1DFC4E67E6B647 /* UserProfileDTO.swift */,
			);
			path = DTOs;
			sourceTree = "<group>";
		};
		60858A07AD751CC63B49970E /* Token */ = {
			isa = PBXGroup;
			children = (
				80E3A5E7C3B0EF3207A1EAB2 /* KeychainTokenStore.swift */,
				BDCDF75648B2C83EE1380EBA /* TokenStoreProtocol.swift */,
			);
			path = Token;
			sourceTree = "<group>";
		};
		71472C9500A782EA36CA083E /* Sources */ = {
			isa = PBXGroup;
			children = (
				9F725857659E35E6F32466A2 /* Client */,
				49D57303BB95F37A3CD36E91 /* DTOs */,
				AD9046B1ADDD39F06BD8B340 /* Interceptor */,
				740C275DA4627B3D1E3588B9 /* Repositories */,
				60858A07AD751CC63B49970E /* Token */,
				FD980B84E68CD3104CB7D32D /* Types */,
				C90559271565EF593D19B0AC /* Placeholder.swift */,
			);
			path = Sources;
			sourceTree = "<group>";
		};
		740C275DA4627B3D1E3588B9 /* Repositories */ = {
			isa = PBXGroup;
			children = (
				0C1B72402603D12CBCA8BBE6 /* AuthRepositoryImpl.swift */,
				E52275CCAB7AB29F6C6DE84C /* MomentRepositoryImpl.swift */,
				F6528E62E7637BF794FDBF36 /* SpaceRepositoryImpl.swift */,
				131D67C0DEE0B7880B3BA79B /* UserRepositoryImpl.swift */,
			);
			path = Repositories;
			sourceTree = "<group>";
		};
		7F0DEC6A45F8D5DCDFA08913 /* Project */ = {
			isa = PBXGroup;
			children = (
				4203D7D0682B0DD82D699816 /* Derived */,
				413A9983C7C419E006587025 /* Targets */,
			);
			name = Project;
			sourceTree = "<group>";
		};
		92AB68E3C11FBCE406AC86C3 /* Sources */ = {
			isa = PBXGroup;
			children = (
				B976C66FCC259E9DB4930C56 /* Tokens */,
			);
			path = Sources;
			sourceTree = "<group>";
		};
		932AE3BC4D5ED6A1F1FA1710 /* App */ = {
			isa = PBXGroup;
			children = (
				F062BB72EA1EAF4494A00B49 /* Sources */,
			);
			path = App;
			sourceTree = "<group>";
		};
		9B0744B5AD175194336D6892 /* Entities */ = {
			isa = PBXGroup;
			children = (
				E83D34AAB0B506E6EB1A0FC7 /* Invitation.swift */,
				50EB1C18B4D56BFC7790161B /* Moment.swift */,
				B08B447240E37EAE84C7F16B /* Space.swift */,
				9C2E9457616CA1993E0FBE4A /* SpaceType.swift */,
				382A0FFED579C9E2C0DACDEF /* UserProfile.swift */,
			);
			path = Entities;
			sourceTree = "<group>";
		};
		9D55F3053B0CE57BCC90CCCA /* Networking */ = {
			isa = PBXGroup;
			children = (
				71472C9500A782EA36CA083E /* Sources */,
			);
			path = Networking;
			sourceTree = "<group>";
		};
		9F725857659E35E6F32466A2 /* Client */ = {
			isa = PBXGroup;
			children = (
				E75BF752AFFA51195FBEFD87 /* APIClientProtocol.swift */,
				A9231781458E1B42DB96ABE7 /* MomentAPIClient.swift */,
			);
			path = Client;
			sourceTree = "<group>";
		};
		A459E90FFEE48EBBDA39CAC5 /* Features */ = {
			isa = PBXGroup;
			children = (
				4185C374595B5052ED1D892D /* AuthFeature */,
				4239D346AEA29895208A2A00 /* ConnectFeature */,
			);
			path = Features;
			sourceTree = "<group>";
		};
		AD9046B1ADDD39F06BD8B340 /* Interceptor */ = {
			isa = PBXGroup;
			children = (
				6228E4B869A94B43BC3BDA57 /* AuthRequestInterceptor.swift */,
			);
			path = Interceptor;
			sourceTree = "<group>";
		};
		ADA10AB920794A29D6191FB5 /* Sources */ = {
			isa = PBXGroup;
			children = (
				9B0744B5AD175194336D6892 /* Entities */,
				21DA675BFE5F0077D0A0864A /* Errors */,
				DD93B80603AC8EE2CCEDC64D /* Repositories */,
			);
			path = Sources;
			sourceTree = "<group>";
		};
		B623A97A9744CB4F418D8ED6 /* Products */ = {
			isa = PBXGroup;
			children = (
				17999797966833CAFE799402 /* AuthFeature.framework */,
				8215299A1EF7EC528FFBF42B /* ConnectFeature.framework */,
				74C1B5752A652418CFB9810E /* CoreKit.framework */,
				B07CD609590736578C0A259D /* Domain.framework */,
				4C8E03B914507E11CEC9FBEE /* MomentApp.app */,
				5F2D8657A700919F85FBA723 /* MomentUIKit.framework */,
				861F7A404B97C3C05A98287E /* Networking.framework */,
			);
			name = Products;
			sourceTree = "<group>";
		};
		B976C66FCC259E9DB4930C56 /* Tokens */ = {
			isa = PBXGroup;
			children = (
				37F89E6778DD8066420AE603 /* MomentColor.swift */,
				D057221CFBE228EC45112DBC /* MomentTypography.swift */,
				87F88851BCADA5E9CC8B7D65 /* Spacing.swift */,
			);
			path = Tokens;
			sourceTree = "<group>";
		};
		C5D00F810E38DDBB648F4E49 /* DesignSystem */ = {
			isa = PBXGroup;
			children = (
				92AB68E3C11FBCE406AC86C3 /* Sources */,
			);
			path = DesignSystem;
			sourceTree = "<group>";
		};
		C7DB4CBAB0214806B05631E8 /* Sources */ = {
			isa = PBXGroup;
			children = (
				13E0BC85645B1327451C6F1D /* Extensions */,
				0DEA884961484C3152F5840D /* Logger.swift */,
			);
			path = Sources;
			sourceTree = "<group>";
		};
		D1858ECF6CF9EF60BBC2AF94 /* Domain */ = {
			isa = PBXGroup;
			children = (
				ADA10AB920794A29D6191FB5 /* Sources */,
			);
			path = Domain;
			sourceTree = "<group>";
		};
		D9D4AB9B3633D5B233EC455B /* InfoPlists */ = {
			isa = PBXGroup;
			children = (
				9742D8865A08259F150DD690 /* AuthFeature-Info.plist */,
				B10B11DA5AB3C1BF1A485C38 /* ConnectFeature-Info.plist */,
				720B620D2E63F9B28555E882 /* CoreKit-Info.plist */,
				8080B92B58E785653A74807D /* Domain-Info.plist */,
				3BD8AD97D315258006FA9F83 /* MomentApp-Info.plist */,
				543C8B215FD35AF38607ED16 /* MomentUIKit-Info.plist */,
				AA21FD2D9A67AABD0A650AA5 /* Networking-Info.plist */,
			);
			path = InfoPlists;
			sourceTree = "<group>";
		};
		DD93B80603AC8EE2CCEDC64D /* Repositories */ = {
			isa = PBXGroup;
			children = (
				FAC1AD79E8787A36F955EA4A /* AuthRepositoryProtocol.swift */,
				0C04DD09D2910B8D7A5737C3 /* MomentRepositoryProtocol.swift */,
				421C7B41D6EF7C2783362CDE /* SpaceRepositoryProtocol.swift */,
				218C265BB6F7EF9DE3B9028E /* UserRepositoryProtocol.swift */,
			);
			path = Repositories;
			sourceTree = "<group>";
		};
		ED079756A5A8E82E4CF8BFA0 /* Sources */ = {
			isa = PBXGroup;
			children = (
				347A2F384AF618805EBDF455 /* AuthFeature.swift */,
			);
			path = Sources;
			sourceTree = "<group>";
		};
		F062BB72EA1EAF4494A00B49 /* Sources */ = {
			isa = PBXGroup;
			children = (
				641F4403701A178D1B2CEF01 /* AppView.swift */,
				E542170D7175D2699575215A /* MomentApp.swift */,
			);
			path = Sources;
			sourceTree = "<group>";
		};
		FABB990C70001A590A0FA47E /* Sources */ = {
			isa = PBXGroup;
			children = (
				CA4D941C1F5CA10573E52DC5 /* ConnectFeature.swift */,
			);
			path = Sources;
			sourceTree = "<group>";
		};
		FD980B84E68CD3104CB7D32D /* Types */ = {
			isa = PBXGroup;
			children = (
				48890929EEC1DB33E3E19653 /* ApiEnvelope.swift */,
				6F25307E059A65F5F0C4F6A5 /* Endpoint.swift */,
			);
			path = Types;
			sourceTree = "<group>";
		};
/* End PBXGroup section */

/* Begin PBXNativeTarget section */
		31283A1E6F73C059F73ECA40 /* MomentApp */ = {
			isa = PBXNativeTarget;
			buildConfigurationList = F90C3CE2A58EA8FB1D4E07D5 /* Build configuration list for PBXNativeTarget "MomentApp" */;
			buildPhases = (
				D2F4BACD5D6ABE24EE1166FE /* Sources */,
				31C23D17940628C9EE64EC31 /* Resources */,
				6A7D0341A1BF509C5CD674EC /* Frameworks */,
				D607A0A4A738A43AD6118499 /* Embed Frameworks */,
			);
			buildRules = (
			);
			dependencies = (
				4291AB773C06FC30839F4E5C /* PBXTargetDependency */,
				838651F09B3DBAFA01B81446 /* PBXTargetDependency */,
				43CAD92310CDAFDFC733B6B5 /* PBXTargetDependency */,
				D1870084132C023CCAFF5B04 /* PBXTargetDependency */,
				792F6EC5AFB0C26FFCE4AADC /* PBXTargetDependency */,
			);
			name = MomentApp;
			packageProductDependencies = (
				109BEF0EDCC3DD6780E6AA4A /* ComposableArchitecture */,
			);
			productName = MomentApp;
			productReference = 4C8E03B914507E11CEC9FBEE /* MomentApp.app */;
			productType = "com.apple.product-type.application";
		};
		32AE76BA66F0F6ED7046ACCE /* AuthFeature */ = {
			isa = PBXNativeTarget;
			buildConfigurationList = 0B1F2AFA9E126EEE4DE17422 /* Build configuration list for PBXNativeTarget "AuthFeature" */;
			buildPhases = (
				66FBF1D234CA0F17290DBBA8 /* Sources */,
				A4A15EA0D408E20D3A1A7967 /* Resources */,
				2AD866BEBF1FA690639C76F2 /* Frameworks */,
				5EAC010FD1E384128ECF2725 /* Embed Frameworks */,
			);
			buildRules = (
			);
			dependencies = (
				0728FD9693939A24B5595378 /* PBXTargetDependency */,
				87017CAE0E238C2AD206CCDB /* PBXTargetDependency */,
			);
			name = AuthFeature;
			packageProductDependencies = (
				9ED7282505F3FF834D4644B2 /* ComposableArchitecture */,
			);
			productName = AuthFeature;
			productReference = 17999797966833CAFE799402 /* AuthFeature.framework */;
			productType = "com.apple.product-type.framework";
		};
		4B84B8AD7C6D203E007907E0 /* MomentUIKit */ = {
			isa = PBXNativeTarget;
			buildConfigurationList = E22C588F0639BB20EBDBEDE0 /* Build configuration list for PBXNativeTarget "MomentUIKit" */;
			buildPhases = (
				1413A9D1FD1408E259B6E390 /* Sources */,
				6DD9C49B370C31E1965F490E /* Resources */,
				4B26236E7A95E19F96600764 /* Frameworks */,
				7A9598C61B15A7389079B123 /* Embed Frameworks */,
			);
			buildRules = (
			);
			dependencies = (
				06A2091758F3461B2531CC8B /* PBXTargetDependency */,
			);
			name = MomentUIKit;
			packageProductDependencies = (
			);
			productName = MomentUIKit;
			productReference = 5F2D8657A700919F85FBA723 /* MomentUIKit.framework */;
			productType = "com.apple.product-type.framework";
		};
		75D43E6577B9BEE341F8C85F /* CoreKit */ = {
			isa = PBXNativeTarget;
			buildConfigurationList = A9F829B4C8BBE907B0702FDD /* Build configuration list for PBXNativeTarget "CoreKit" */;
			buildPhases = (
				00965E9C8734A71D0B061A44 /* Sources */,
				D602AF807450848171B1D19A /* Resources */,
				3B0AA82D03C05F3732359BD3 /* Frameworks */,
				E51DEE5607797752A739E933 /* Embed Frameworks */,
			);
			buildRules = (
			);
			dependencies = (
			);
			name = CoreKit;
			packageProductDependencies = (
			);
			productName = CoreKit;
			productReference = 74C1B5752A652418CFB9810E /* CoreKit.framework */;
			productType = "com.apple.product-type.framework";
		};
		B125BA4E78EB9CDE4B24C3C2 /* Domain */ = {
			isa = PBXNativeTarget;
			buildConfigurationList = 8446B9F70EC8C1E1AFB2A3EF /* Build configuration list for PBXNativeTarget "Domain" */;
			buildPhases = (
				DB5D6FDCFA7883EDBF076192 /* Sources */,
				4F59FCFEAB7DA986053EAF9F /* Resources */,
				3340B7931A37E2117506712D /* Frameworks */,
				02A4735AD71285CE813313C0 /* Embed Frameworks */,
			);
			buildRules = (
			);
			dependencies = (
			);
			name = Domain;
			packageProductDependencies = (
			);
			productName = Domain;
			productReference = B07CD609590736578C0A259D /* Domain.framework */;
			productType = "com.apple.product-type.framework";
		};
		F5BB0BACABF02D3EB8523BCF /* Networking */ = {
			isa = PBXNativeTarget;
			buildConfigurationList = BE29414FBFACDF8E0E0475C4 /* Build configuration list for PBXNativeTarget "Networking" */;
			buildPhases = (
				33C35C8E771FD0E829DA0044 /* Sources */,
				79C6887CAC4B4E4466A7ABF1 /* Resources */,
				6A380118DD59570C96E8343F /* Frameworks */,
				766F85E9145C914CBBB1A4DE /* Embed Frameworks */,
			);
			buildRules = (
			);
			dependencies = (
				4E3DE96342DE51010C23F1B1 /* PBXTargetDependency */,
			);
			name = Networking;
			packageProductDependencies = (
				0E47A587CD297439FB4909C8 /* Alamofire */,
			);
			productName = Networking;
			productReference = 861F7A404B97C3C05A98287E /* Networking.framework */;
			productType = "com.apple.product-type.framework";
		};
		F8C3F28D3C50B5DFA7A083F2 /* ConnectFeature */ = {
			isa = PBXNativeTarget;
			buildConfigurationList = B6060AB52C0E568268AB6D83 /* Build configuration list for PBXNativeTarget "ConnectFeature" */;
			buildPhases = (
				3EB82BADC202C211BD79E520 /* Sources */,
				3B2F8649BC03ACBA002DD584 /* Resources */,
				FACF5211DF1691A09A1D7E29 /* Frameworks */,
				B5A10E1BAF9A4A54754C10DD /* Embed Frameworks */,
			);
			buildRules = (
			);
			dependencies = (
				E97BDC801666D05F44B667D8 /* PBXTargetDependency */,
				CB45DB60D3EC658A7B8179AA /* PBXTargetDependency */,
			);
			name = ConnectFeature;
			packageProductDependencies = (
				EA6921ACCFA9836161D8597B /* ComposableArchitecture */,
			);
			productName = ConnectFeature;
			productReference = 8215299A1EF7EC528FFBF42B /* ConnectFeature.framework */;
			productType = "com.apple.product-type.framework";
		};
/* End PBXNativeTarget section */

/* Begin PBXProject section */
		03315C3312CAE6422B20B4BD /* Project object */ = {
			isa = PBXProject;
			attributes = {
				BuildIndependentTargetsInParallel = YES;
				TargetAttributes = {
				};
			};
			buildConfigurationList = F2973E4D1D33928994C5CB4E /* Build configuration list for PBXProject "Moment" */;
			compatibilityVersion = "Xcode 14.0";
			developmentRegion = en;
			hasScannedForEncodings = 0;
			knownRegions = (
				Base,
				en,
			);
			mainGroup = 496C2DD4F4A2AF5806A0B4F2;
			packageReferences = (
				E3873EC5B66E7B9BD0B5CBE5 /* XCRemoteSwiftPackageReference "Alamofire" */,
				B223364099D335066C4BFADF /* XCRemoteSwiftPackageReference "swift-composable-architecture" */,
			);
			productRefGroup = B623A97A9744CB4F418D8ED6 /* Products */;
			projectDirPath = "";
			projectRoot = "";
			targets = (
				32AE76BA66F0F6ED7046ACCE /* AuthFeature */,
				F8C3F28D3C50B5DFA7A083F2 /* ConnectFeature */,
				75D43E6577B9BEE341F8C85F /* CoreKit */,
				B125BA4E78EB9CDE4B24C3C2 /* Domain */,
				31283A1E6F73C059F73ECA40 /* MomentApp */,
				4B84B8AD7C6D203E007907E0 /* MomentUIKit */,
				F5BB0BACABF02D3EB8523BCF /* Networking */,
			);
		};
/* End PBXProject section */

/* Begin PBXResourcesBuildPhase section */
		31C23D17940628C9EE64EC31 /* Resources */ = {
			isa = PBXResourcesBuildPhase;
			buildActionMask = 2147483647;
			files = (
			);
			runOnlyForDeploymentPostprocessing = 0;
		};
		3B2F8649BC03ACBA002DD584 /* Resources */ = {
			isa = PBXResourcesBuildPhase;
			buildActionMask = 2147483647;
			files = (
			);
			runOnlyForDeploymentPostprocessing = 0;
		};
		4F59FCFEAB7DA986053EAF9F /* Resources */ = {
			isa = PBXResourcesBuildPhase;
			buildActionMask = 2147483647;
			files = (
			);
			runOnlyForDeploymentPostprocessing = 0;
		};
		6DD9C49B370C31E1965F490E /* Resources */ = {
			isa = PBXResourcesBuildPhase;
			buildActionMask = 2147483647;
			files = (
			);
			runOnlyForDeploymentPostprocessing = 0;
		};
		79C6887CAC4B4E4466A7ABF1 /* Resources */ = {
			isa = PBXResourcesBuildPhase;
			buildActionMask = 2147483647;
			files = (
			);
			runOnlyForDeploymentPostprocessing = 0;
		};
		A4A15EA0D408E20D3A1A7967 /* Resources */ = {
			isa = PBXResourcesBuildPhase;
			buildActionMask = 2147483647;
			files = (
			);
			runOnlyForDeploymentPostprocessing = 0;
		};
		D602AF807450848171B1D19A /* Resources */ = {
			isa = PBXResourcesBuildPhase;
			buildActionMask = 2147483647;
			files = (
			);
			runOnlyForDeploymentPostprocessing = 0;
		};
/* End PBXResourcesBuildPhase section */

/* Begin PBXSourcesBuildPhase section */
		00965E9C8734A71D0B061A44 /* Sources */ = {
			isa = PBXSourcesBuildPhase;
			buildActionMask = 2147483647;
			files = (
				27028F5EC96B52F7E022C020 /* Date+RelativeFormat.swift in Sources */,
				C005518655BCF37B5F941BF2 /* Logger.swift in Sources */,
			);
			runOnlyForDeploymentPostprocessing = 0;
		};
		1413A9D1FD1408E259B6E390 /* Sources */ = {
			isa = PBXSourcesBuildPhase;
			buildActionMask = 2147483647;
			files = (
				DE66AE96F436735470F63F4D /* MomentColor.swift in Sources */,
				C03CFA8864929E243243B56A /* MomentTypography.swift in Sources */,
				28C357CC2672DE30DCEF8A25 /* Spacing.swift in Sources */,
			);
			runOnlyForDeploymentPostprocessing = 0;
		};
		33C35C8E771FD0E829DA0044 /* Sources */ = {
			isa = PBXSourcesBuildPhase;
			buildActionMask = 2147483647;
			files = (
				FC87652F850D2437880CDB5C /* APIClientProtocol.swift in Sources */,
				7180F7C5E4B2AA2F1FF584D2 /* MomentAPIClient.swift in Sources */,
				E234D78A9EB41D77244E3C14 /* InvitationDTO.swift in Sources */,
				77C5F46FDA9B5E6071E16CEF /* SpaceDTO.swift in Sources */,
				D21B91760E9BAE37C9DF8C67 /* UserProfileDTO.swift in Sources */,
				7717BB293BB671C280F46DD9 /* AuthRequestInterceptor.swift in Sources */,
				7E3E66C664817E7AE0ADA63D /* Placeholder.swift in Sources */,
				391A62FF82ED523CD9ED1F09 /* AuthRepositoryImpl.swift in Sources */,
				DF4FA1C3B122F78DC9D46114 /* MomentRepositoryImpl.swift in Sources */,
				9DB09C3EEF58024EF9726C79 /* SpaceRepositoryImpl.swift in Sources */,
				73A7B5C1A3B214AB0DDDDC4D /* UserRepositoryImpl.swift in Sources */,
				289AE67B09ED41FC21FCB3F3 /* KeychainTokenStore.swift in Sources */,
				2BFF92F87D5B8D9A85206EB7 /* TokenStoreProtocol.swift in Sources */,
				64EF156BBF1C280DCE396DE7 /* ApiEnvelope.swift in Sources */,
				56441482B7DB572D7286CAE1 /* Endpoint.swift in Sources */,
			);
			runOnlyForDeploymentPostprocessing = 0;
		};
		3EB82BADC202C211BD79E520 /* Sources */ = {
			isa = PBXSourcesBuildPhase;
			buildActionMask = 2147483647;
			files = (
				9A89BCFE11D5815C577B7869 /* ConnectFeature.swift in Sources */,
			);
			runOnlyForDeploymentPostprocessing = 0;
		};
		66FBF1D234CA0F17290DBBA8 /* Sources */ = {
			isa = PBXSourcesBuildPhase;
			buildActionMask = 2147483647;
			files = (
				2D87D4429FBA92F33366307A /* AuthFeature.swift in Sources */,
			);
			runOnlyForDeploymentPostprocessing = 0;
		};
		D2F4BACD5D6ABE24EE1166FE /* Sources */ = {
			isa = PBXSourcesBuildPhase;
			buildActionMask = 2147483647;
			files = (
				16184C8516A87E358229E6D6 /* AppView.swift in Sources */,
				653922728A0E992CD6C6F873 /* MomentApp.swift in Sources */,
			);
			runOnlyForDeploymentPostprocessing = 0;
		};
		DB5D6FDCFA7883EDBF076192 /* Sources */ = {
			isa = PBXSourcesBuildPhase;
			buildActionMask = 2147483647;
			files = (
				D37475517F615CCBAF58B2E8 /* Invitation.swift in Sources */,
				71C653C59BDCB81F5FBC2057 /* Moment.swift in Sources */,
				2E3DC543252E1812BB75E612 /* Space.swift in Sources */,
				B4E6500C9C9ABDB291FFBA7D /* SpaceType.swift in Sources */,
				D5AA3ACDF4041548C265EBDA /* UserProfile.swift in Sources */,
				6A0D6C09A4D88BF7C5630D50 /* DomainError.swift in Sources */,
				300EE6A851ABB873774F001F /* AuthRepositoryProtocol.swift in Sources */,
				B2AA674D4A3494E79213DE5E /* MomentRepositoryProtocol.swift in Sources */,
				2A7604A47BEC9B6E35BBF3F9 /* SpaceRepositoryProtocol.swift in Sources */,
				C375328DBD716279C18D0A15 /* UserRepositoryProtocol.swift in Sources */,
			);
			runOnlyForDeploymentPostprocessing = 0;
		};
/* End PBXSourcesBuildPhase section */

/* Begin PBXTargetDependency section */
		06A2091758F3461B2531CC8B /* PBXTargetDependency */ = {
			isa = PBXTargetDependency;
			name = CoreKit;
			target = 75D43E6577B9BEE341F8C85F /* CoreKit */;
			targetProxy = 6376D801B738810CC881FBA3 /* PBXContainerItemProxy */;
		};
		0728FD9693939A24B5595378 /* PBXTargetDependency */ = {
			isa = PBXTargetDependency;
			name = Domain;
			target = B125BA4E78EB9CDE4B24C3C2 /* Domain */;
			targetProxy = 7AC0338FA057ECFACD00D4FB /* PBXContainerItemProxy */;
		};
		4291AB773C06FC30839F4E5C /* PBXTargetDependency */ = {
			isa = PBXTargetDependency;
			name = AuthFeature;
			target = 32AE76BA66F0F6ED7046ACCE /* AuthFeature */;
			targetProxy = 1393BACB269EB35CB0925891 /* PBXContainerItemProxy */;
		};
		43CAD92310CDAFDFC733B6B5 /* PBXTargetDependency */ = {
			isa = PBXTargetDependency;
			name = Domain;
			target = B125BA4E78EB9CDE4B24C3C2 /* Domain */;
			targetProxy = 9F518E4F56F7153B18A82D73 /* PBXContainerItemProxy */;
		};
		4E3DE96342DE51010C23F1B1 /* PBXTargetDependency */ = {
			isa = PBXTargetDependency;
			name = Domain;
			target = B125BA4E78EB9CDE4B24C3C2 /* Domain */;
			targetProxy = 53473016EED52D478BA5B406 /* PBXContainerItemProxy */;
		};
		792F6EC5AFB0C26FFCE4AADC /* PBXTargetDependency */ = {
			isa = PBXTargetDependency;
			name = Networking;
			target = F5BB0BACABF02D3EB8523BCF /* Networking */;
			targetProxy = 986EDC279E76A11B570D7B8F /* PBXContainerItemProxy */;
		};
		838651F09B3DBAFA01B81446 /* PBXTargetDependency */ = {
			isa = PBXTargetDependency;
			name = ConnectFeature;
			target = F8C3F28D3C50B5DFA7A083F2 /* ConnectFeature */;
			targetProxy = 7F6E90D521FF28C38317CC66 /* PBXContainerItemProxy */;
		};
		87017CAE0E238C2AD206CCDB /* PBXTargetDependency */ = {
			isa = PBXTargetDependency;
			name = MomentUIKit;
			target = 4B84B8AD7C6D203E007907E0 /* MomentUIKit */;
			targetProxy = 7D305F87668F1DF58F3BA74A /* PBXContainerItemProxy */;
		};
		CB45DB60D3EC658A7B8179AA /* PBXTargetDependency */ = {
			isa = PBXTargetDependency;
			name = MomentUIKit;
			target = 4B84B8AD7C6D203E007907E0 /* MomentUIKit */;
			targetProxy = 65F824B548E03E91CE40543C /* PBXContainerItemProxy */;
		};
		D1870084132C023CCAFF5B04 /* PBXTargetDependency */ = {
			isa = PBXTargetDependency;
			name = MomentUIKit;
			target = 4B84B8AD7C6D203E007907E0 /* MomentUIKit */;
			targetProxy = E0CB58CF174E50B4FE8089F6 /* PBXContainerItemProxy */;
		};
		E97BDC801666D05F44B667D8 /* PBXTargetDependency */ = {
			isa = PBXTargetDependency;
			name = Domain;
			target = B125BA4E78EB9CDE4B24C3C2 /* Domain */;
			targetProxy = 7C9B25888290B79FB4652ADC /* PBXContainerItemProxy */;
		};
/* End PBXTargetDependency section */

/* Begin XCBuildConfiguration section */
		30F3EFA7C2A42CA3ADABE913 /* Debug */ = {
			isa = XCBuildConfiguration;
			buildSettings = {
				CODE_SIGN_IDENTITY = "";
				CURRENT_PROJECT_VERSION = 1;
				DEFINES_MODULE = YES;
				DYLIB_COMPATIBILITY_VERSION = 1;
				DYLIB_CURRENT_VERSION = 1;
				DYLIB_INSTALL_NAME_BASE = "@rpath";
				INFOPLIST_FILE = "Derived/InfoPlists/Domain-Info.plist";
				INSTALL_PATH = "$(LOCAL_LIBRARY_DIR)/Frameworks";
				IPHONEOS_DEPLOYMENT_TARGET = 17.0;
				LD_RUNPATH_SEARCH_PATHS = (
					"$(inherited)",
					"@executable_path/Frameworks",
					"@loader_path/Frameworks",
				);
				PRODUCT_BUNDLE_IDENTIFIER = com.moment.domain;
				PRODUCT_NAME = Domain;
				SDKROOT = iphoneos;
				SKIP_INSTALL = YES;
				SUPPORTS_MACCATALYST = NO;
				SUPPORTS_MAC_DESIGNED_FOR_IPHONE_IPAD = NO;
				SUPPORTS_XR_DESIGNED_FOR_IPHONE_IPAD = NO;
				SWIFT_ACTIVE_COMPILATION_CONDITIONS = (
					"$(inherited)",
					DEBUG,
				);
				SWIFT_COMPILATION_MODE = singlefile;
				SWIFT_OPTIMIZATION_LEVEL = "-Onone";
				SWIFT_VERSION = 5.0;
				TARGETED_DEVICE_FAMILY = 1;
				VERSIONING_SYSTEM = "apple-generic";
				VERSION_INFO_PREFIX = "";
			};
			name = Debug;
		};
		39A40980E63A2E25E53F5AC5 /* Release */ = {
			isa = XCBuildConfiguration;
			buildSettings = {
				CODE_SIGN_IDENTITY = "";
				CURRENT_PROJECT_VERSION = 1;
				DEFINES_MODULE = YES;
				DYLIB_COMPATIBILITY_VERSION = 1;
				DYLIB_CURRENT_VERSION = 1;
				DYLIB_INSTALL_NAME_BASE = "@rpath";
				INFOPLIST_FILE = "Derived/InfoPlists/Networking-Info.plist";
				INSTALL_PATH = "$(LOCAL_LIBRARY_DIR)/Frameworks";
				IPHONEOS_DEPLOYMENT_TARGET = 17.0;
				LD_RUNPATH_SEARCH_PATHS = (
					"$(inherited)",
					"@executable_path/Frameworks",
					"@loader_path/Frameworks",
				);
				PRODUCT_BUNDLE_IDENTIFIER = com.moment.networking;
				PRODUCT_NAME = Networking;
				SDKROOT = iphoneos;
				SKIP_INSTALL = YES;
				SUPPORTS_MACCATALYST = NO;
				SUPPORTS_MAC_DESIGNED_FOR_IPHONE_IPAD = NO;
				SUPPORTS_XR_DESIGNED_FOR_IPHONE_IPAD = NO;
				SWIFT_COMPILATION_MODE = wholemodule;
				SWIFT_OPTIMIZATION_LEVEL = "-O";
				SWIFT_VERSION = 5.0;
				TARGETED_DEVICE_FAMILY = 1;
				VERSIONING_SYSTEM = "apple-generic";
				VERSION_INFO_PREFIX = "";
			};
			name = Release;
		};
		41AEAEB39CE037BD33408A17 /* Release */ = {
			isa = XCBuildConfiguration;
			buildSettings = {
				CODE_SIGN_IDENTITY = "";
				CURRENT_PROJECT_VERSION = 1;
				DEFINES_MODULE = YES;
				DYLIB_COMPATIBILITY_VERSION = 1;
				DYLIB_CURRENT_VERSION = 1;
				DYLIB_INSTALL_NAME_BASE = "@rpath";
				INFOPLIST_FILE = "Derived/InfoPlists/CoreKit-Info.plist";
				INSTALL_PATH = "$(LOCAL_LIBRARY_DIR)/Frameworks";
				IPHONEOS_DEPLOYMENT_TARGET = 17.0;
				LD_RUNPATH_SEARCH_PATHS = (
					"$(inherited)",
					"@executable_path/Frameworks",
					"@loader_path/Frameworks",
				);
				PRODUCT_BUNDLE_IDENTIFIER = com.moment.corekit;
				PRODUCT_NAME = CoreKit;
				SDKROOT = iphoneos;
				SKIP_INSTALL = YES;
				SUPPORTS_MACCATALYST = NO;
				SUPPORTS_MAC_DESIGNED_FOR_IPHONE_IPAD = NO;
				SUPPORTS_XR_DESIGNED_FOR_IPHONE_IPAD = NO;
				SWIFT_COMPILATION_MODE = wholemodule;
				SWIFT_OPTIMIZATION_LEVEL = "-O";
				SWIFT_VERSION = 5.0;
				TARGETED_DEVICE_FAMILY = 1;
				VERSIONING_SYSTEM = "apple-generic";
				VERSION_INFO_PREFIX = "";
			};
			name = Release;
		};
		4217329FED84B8E2C867297E /* Debug */ = {
			isa = XCBuildConfiguration;
			buildSettings = {
				ASSETCATALOG_COMPILER_APPICON_NAME = AppIcon;
				ASSETCATALOG_COMPILER_GLOBAL_ACCENT_COLOR_NAME = AccentColor;
				CODE_SIGN_IDENTITY = "iPhone Developer";
				ENABLE_PREVIEWS = YES;
				INFOPLIST_FILE = "Derived/InfoPlists/MomentApp-Info.plist";
				IPHONEOS_DEPLOYMENT_TARGET = 17.0;
				LD_RUNPATH_SEARCH_PATHS = (
					"$(inherited)",
					"@executable_path/Frameworks",
				);
				PRODUCT_BUNDLE_IDENTIFIER = com.moment.app;
				PRODUCT_NAME = MomentApp;
				SDKROOT = iphoneos;
				SUPPORTS_MACCATALYST = NO;
				SUPPORTS_MAC_DESIGNED_FOR_IPHONE_IPAD = NO;
				SUPPORTS_XR_DESIGNED_FOR_IPHONE_IPAD = NO;
				SWIFT_ACTIVE_COMPILATION_CONDITIONS = (
					"$(inherited)",
					DEBUG,
				);
				SWIFT_COMPILATION_MODE = singlefile;
				SWIFT_OPTIMIZATION_LEVEL = "-Onone";
				SWIFT_VERSION = 5.0;
				TARGETED_DEVICE_FAMILY = 1;
			};
			name = Debug;
		};
		433867C74E87B62B0B816946 /* Release */ = {
			isa = XCBuildConfiguration;
			buildSettings = {
				ALWAYS_SEARCH_USER_PATHS = NO;
				CLANG_ANALYZER_LOCALIZABILITY_NONLOCALIZED = YES;
				CLANG_ANALYZER_NONNULL = YES;
				CLANG_ANALYZER_NUMBER_OBJECT_CONVERSION = YES_AGGRESSIVE;
				CLANG_CXX_LANGUAGE_STANDARD = "gnu++14";
				CLANG_CXX_LIBRARY = "libc++";
				CLANG_ENABLE_MODULES = YES;
				CLANG_ENABLE_OBJC_ARC = YES;
				CLANG_ENABLE_OBJC_WEAK = YES;
				CLANG_WARN_BLOCK_CAPTURE_AUTORELEASING = YES;
				CLANG_WARN_BOOL_CONVERSION = YES;
				CLANG_WARN_COMMA = YES;
				CLANG_WARN_CONSTANT_CONVERSION = YES;
				CLANG_WARN_DEPRECATED_OBJC_IMPLEMENTATIONS = YES;
				CLANG_WARN_DIRECT_OBJC_ISA_USAGE = YES_ERROR;
				CLANG_WARN_DOCUMENTATION_COMMENTS = YES;
				CLANG_WARN_EMPTY_BODY = YES;
				CLANG_WARN_ENUM_CONVERSION = YES;
				CLANG_WARN_INFINITE_RECURSION = YES;
				CLANG_WARN_INT_CONVERSION = YES;
				CLANG_WARN_NON_LITERAL_NULL_CONVERSION = YES;
				CLANG_WARN_OBJC_IMPLICIT_RETAIN_SELF = YES;
				CLANG_WARN_OBJC_LITERAL_CONVERSION = YES;
				CLANG_WARN_OBJC_ROOT_CLASS = YES_ERROR;
				CLANG_WARN_QUOTED_INCLUDE_IN_FRAMEWORK_HEADER = YES;
				CLANG_WARN_RANGE_LOOP_ANALYSIS = YES;
				CLANG_WARN_STRICT_PROTOTYPES = YES;
				CLANG_WARN_SUSPICIOUS_MOVE = YES;
				CLANG_WARN_UNGUARDED_AVAILABILITY = YES_AGGRESSIVE;
				CLANG_WARN_UNREACHABLE_CODE = YES;
				CLANG_WARN__DUPLICATE_METHOD_MATCH = YES;
				COPY_PHASE_STRIP = NO;
				DEAD_CODE_STRIPPING = YES;
				DEBUG_INFORMATION_FORMAT = "dwarf-with-dsym";
				ENABLE_NS_ASSERTIONS = NO;
				ENABLE_STRICT_OBJC_MSGSEND = YES;
				GCC_C_LANGUAGE_STANDARD = gnu11;
				GCC_NO_COMMON_BLOCKS = YES;
				GCC_WARN_64_TO_32_BIT_CONVERSION = YES;
				GCC_WARN_ABOUT_RETURN_TYPE = YES_ERROR;
				GCC_WARN_UNDECLARED_SELECTOR = YES;
				GCC_WARN_UNINITIALIZED_AUTOS = YES_AGGRESSIVE;
				GCC_WARN_UNUSED_FUNCTION = YES;
				GCC_WARN_UNUSED_VARIABLE = YES;
				MTL_ENABLE_DEBUG_INFO = NO;
				PRODUCT_NAME = "$(TARGET_NAME)";
				SWIFT_ALLOW_MACRO_ATTESTATIONS = YES;
				VALIDATE_PRODUCT = YES;
			};
			name = Release;
		};
		4E7B183AA35861395AA6527F /* Debug */ = {
			isa = XCBuildConfiguration;
			buildSettings = {
				CODE_SIGN_IDENTITY = "";
				CURRENT_PROJECT_VERSION = 1;
				DEFINES_MODULE = YES;
				DYLIB_COMPATIBILITY_VERSION = 1;
				DYLIB_CURRENT_VERSION = 1;
				DYLIB_INSTALL_NAME_BASE = "@rpath";
				INFOPLIST_FILE = "Derived/InfoPlists/CoreKit-Info.plist";
				INSTALL_PATH = "$(LOCAL_LIBRARY_DIR)/Frameworks";
				IPHONEOS_DEPLOYMENT_TARGET = 17.0;
				LD_RUNPATH_SEARCH_PATHS = (
					"$(inherited)",
					"@executable_path/Frameworks",
					"@loader_path/Frameworks",
				);
				PRODUCT_BUNDLE_IDENTIFIER = com.moment.corekit;
				PRODUCT_NAME = CoreKit;
				SDKROOT = iphoneos;
				SKIP_INSTALL = YES;
				SUPPORTS_MACCATALYST = NO;
				SUPPORTS_MAC_DESIGNED_FOR_IPHONE_IPAD = NO;
				SUPPORTS_XR_DESIGNED_FOR_IPHONE_IPAD = NO;
				SWIFT_ACTIVE_COMPILATION_CONDITIONS = (
					"$(inherited)",
					DEBUG,
				);
				SWIFT_COMPILATION_MODE = singlefile;
				SWIFT_OPTIMIZATION_LEVEL = "-Onone";
				SWIFT_VERSION = 5.0;
				TARGETED_DEVICE_FAMILY = 1;
				VERSIONING_SYSTEM = "apple-generic";
				VERSION_INFO_PREFIX = "";
			};
			name = Debug;
		};
		4EB69AD5F05837D07931F268 /* Release */ = {
			isa = XCBuildConfiguration;
			buildSettings = {
				CODE_SIGN_IDENTITY = "";
				CURRENT_PROJECT_VERSION = 1;
				DEFINES_MODULE = YES;
				DYLIB_COMPATIBILITY_VERSION = 1;
				DYLIB_CURRENT_VERSION = 1;
				DYLIB_INSTALL_NAME_BASE = "@rpath";
				INFOPLIST_FILE = "Derived/InfoPlists/AuthFeature-Info.plist";
				INSTALL_PATH = "$(LOCAL_LIBRARY_DIR)/Frameworks";
				IPHONEOS_DEPLOYMENT_TARGET = 17.0;
				LD_RUNPATH_SEARCH_PATHS = (
					"$(inherited)",
					"@executable_path/Frameworks",
					"@loader_path/Frameworks",
				);
				PRODUCT_BUNDLE_IDENTIFIER = com.moment.features.auth;
				PRODUCT_NAME = AuthFeature;
				SDKROOT = iphoneos;
				SKIP_INSTALL = YES;
				SUPPORTS_MACCATALYST = NO;
				SUPPORTS_MAC_DESIGNED_FOR_IPHONE_IPAD = NO;
				SUPPORTS_XR_DESIGNED_FOR_IPHONE_IPAD = NO;
				SWIFT_COMPILATION_MODE = wholemodule;
				SWIFT_OPTIMIZATION_LEVEL = "-O";
				SWIFT_VERSION = 5.0;
				TARGETED_DEVICE_FAMILY = 1;
				VERSIONING_SYSTEM = "apple-generic";
				VERSION_INFO_PREFIX = "";
			};
			name = Release;
		};
		ACE620288E6FBDA5B08B8760 /* Release */ = {
			isa = XCBuildConfiguration;
			buildSettings = {
				CODE_SIGN_IDENTITY = "";
				CURRENT_PROJECT_VERSION = 1;
				DEFINES_MODULE = YES;
				DYLIB_COMPATIBILITY_VERSION = 1;
				DYLIB_CURRENT_VERSION = 1;
				DYLIB_INSTALL_NAME_BASE = "@rpath";
				INFOPLIST_FILE = "Derived/InfoPlists/Domain-Info.plist";
				INSTALL_PATH = "$(LOCAL_LIBRARY_DIR)/Frameworks";
				IPHONEOS_DEPLOYMENT_TARGET = 17.0;
				LD_RUNPATH_SEARCH_PATHS = (
					"$(inherited)",
					"@executable_path/Frameworks",
					"@loader_path/Frameworks",
				);
				PRODUCT_BUNDLE_IDENTIFIER = com.moment.domain;
				PRODUCT_NAME = Domain;
				SDKROOT = iphoneos;
				SKIP_INSTALL = YES;
				SUPPORTS_MACCATALYST = NO;
				SUPPORTS_MAC_DESIGNED_FOR_IPHONE_IPAD = NO;
				SUPPORTS_XR_DESIGNED_FOR_IPHONE_IPAD = NO;
				SWIFT_COMPILATION_MODE = wholemodule;
				SWIFT_OPTIMIZATION_LEVEL = "-O";
				SWIFT_VERSION = 5.0;
				TARGETED_DEVICE_FAMILY = 1;
				VERSIONING_SYSTEM = "apple-generic";
				VERSION_INFO_PREFIX = "";
			};
			name = Release;
		};
		BF83715BCFEA7E66D0A59F4F /* Debug */ = {
			isa = XCBuildConfiguration;
			buildSettings = {
				CODE_SIGN_IDENTITY = "";
				CURRENT_PROJECT_VERSION = 1;
				DEFINES_MODULE = YES;
				DYLIB_COMPATIBILITY_VERSION = 1;
				DYLIB_CURRENT_VERSION = 1;
				DYLIB_INSTALL_NAME_BASE = "@rpath";
				INFOPLIST_FILE = "Derived/InfoPlists/ConnectFeature-Info.plist";
				INSTALL_PATH = "$(LOCAL_LIBRARY_DIR)/Frameworks";
				IPHONEOS_DEPLOYMENT_TARGET = 17.0;
				LD_RUNPATH_SEARCH_PATHS = (
					"$(inherited)",
					"@executable_path/Frameworks",
					"@loader_path/Frameworks",
				);
				PRODUCT_BUNDLE_IDENTIFIER = com.moment.features.connect;
				PRODUCT_NAME = ConnectFeature;
				SDKROOT = iphoneos;
				SKIP_INSTALL = YES;
				SUPPORTS_MACCATALYST = NO;
				SUPPORTS_MAC_DESIGNED_FOR_IPHONE_IPAD = NO;
				SUPPORTS_XR_DESIGNED_FOR_IPHONE_IPAD = NO;
				SWIFT_ACTIVE_COMPILATION_CONDITIONS = (
					"$(inherited)",
					DEBUG,
				);
				SWIFT_COMPILATION_MODE = singlefile;
				SWIFT_OPTIMIZATION_LEVEL = "-Onone";
				SWIFT_VERSION = 5.0;
				TARGETED_DEVICE_FAMILY = 1;
				VERSIONING_SYSTEM = "apple-generic";
				VERSION_INFO_PREFIX = "";
			};
			name = Debug;
		};
		C884FBE869BA9C7AB06EDE32 /* Debug */ = {
			isa = XCBuildConfiguration;
			buildSettings = {
				CODE_SIGN_IDENTITY = "";
				CURRENT_PROJECT_VERSION = 1;
				DEFINES_MODULE = YES;
				DYLIB_COMPATIBILITY_VERSION = 1;
				DYLIB_CURRENT_VERSION = 1;
				DYLIB_INSTALL_NAME_BASE = "@rpath";
				INFOPLIST_FILE = "Derived/InfoPlists/MomentUIKit-Info.plist";
				INSTALL_PATH = "$(LOCAL_LIBRARY_DIR)/Frameworks";
				IPHONEOS_DEPLOYMENT_TARGET = 17.0;
				LD_RUNPATH_SEARCH_PATHS = (
					"$(inherited)",
					"@executable_path/Frameworks",
					"@loader_path/Frameworks",
				);
				PRODUCT_BUNDLE_IDENTIFIER = com.moment.uikit;
				PRODUCT_NAME = MomentUIKit;
				SDKROOT = iphoneos;
				SKIP_INSTALL = YES;
				SUPPORTS_MACCATALYST = NO;
				SUPPORTS_MAC_DESIGNED_FOR_IPHONE_IPAD = NO;
				SUPPORTS_XR_DESIGNED_FOR_IPHONE_IPAD = NO;
				SWIFT_ACTIVE_COMPILATION_CONDITIONS = (
					"$(inherited)",
					DEBUG,
				);
				SWIFT_COMPILATION_MODE = singlefile;
				SWIFT_OPTIMIZATION_LEVEL = "-Onone";
				SWIFT_VERSION = 5.0;
				TARGETED_DEVICE_FAMILY = 1;
				VERSIONING_SYSTEM = "apple-generic";
				VERSION_INFO_PREFIX = "";
			};
			name = Debug;
		};
		D73DBADDFA44D14550DE67A2 /* Release */ = {
			isa = XCBuildConfiguration;
			buildSettings = {
				CODE_SIGN_IDENTITY = "";
				CURRENT_PROJECT_VERSION = 1;
				DEFINES_MODULE = YES;
				DYLIB_COMPATIBILITY_VERSION = 1;
				DYLIB_CURRENT_VERSION = 1;
				DYLIB_INSTALL_NAME_BASE = "@rpath";
				INFOPLIST_FILE = "Derived/InfoPlists/MomentUIKit-Info.plist";
				INSTALL_PATH = "$(LOCAL_LIBRARY_DIR)/Frameworks";
				IPHONEOS_DEPLOYMENT_TARGET = 17.0;
				LD_RUNPATH_SEARCH_PATHS = (
					"$(inherited)",
					"@executable_path/Frameworks",
					"@loader_path/Frameworks",
				);
				PRODUCT_BUNDLE_IDENTIFIER = com.moment.uikit;
				PRODUCT_NAME = MomentUIKit;
				SDKROOT = iphoneos;
				SKIP_INSTALL = YES;
				SUPPORTS_MACCATALYST = NO;
				SUPPORTS_MAC_DESIGNED_FOR_IPHONE_IPAD = NO;
				SUPPORTS_XR_DESIGNED_FOR_IPHONE_IPAD = NO;
				SWIFT_COMPILATION_MODE = wholemodule;
				SWIFT_OPTIMIZATION_LEVEL = "-O";
				SWIFT_VERSION = 5.0;
				TARGETED_DEVICE_FAMILY = 1;
				VERSIONING_SYSTEM = "apple-generic";
				VERSION_INFO_PREFIX = "";
			};
			name = Release;
		};
		DAA3C9AFC9CE0F3C94750CE4 /* Debug */ = {
			isa = XCBuildConfiguration;
			buildSettings = {
				CODE_SIGN_IDENTITY = "";
				CURRENT_PROJECT_VERSION = 1;
				DEFINES_MODULE = YES;
				DYLIB_COMPATIBILITY_VERSION = 1;
				DYLIB_CURRENT_VERSION = 1;
				DYLIB_INSTALL_NAME_BASE = "@rpath";
				INFOPLIST_FILE = "Derived/InfoPlists/Networking-Info.plist";
				INSTALL_PATH = "$(LOCAL_LIBRARY_DIR)/Frameworks";
				IPHONEOS_DEPLOYMENT_TARGET = 17.0;
				LD_RUNPATH_SEARCH_PATHS = (
					"$(inherited)",
					"@executable_path/Frameworks",
					"@loader_path/Frameworks",
				);
				PRODUCT_BUNDLE_IDENTIFIER = com.moment.networking;
				PRODUCT_NAME = Networking;
				SDKROOT = iphoneos;
				SKIP_INSTALL = YES;
				SUPPORTS_MACCATALYST = NO;
				SUPPORTS_MAC_DESIGNED_FOR_IPHONE_IPAD = NO;
				SUPPORTS_XR_DESIGNED_FOR_IPHONE_IPAD = NO;
				SWIFT_ACTIVE_COMPILATION_CONDITIONS = (
					"$(inherited)",
					DEBUG,
				);
				SWIFT_COMPILATION_MODE = singlefile;
				SWIFT_OPTIMIZATION_LEVEL = "-Onone";
				SWIFT_VERSION = 5.0;
				TARGETED_DEVICE_FAMILY = 1;
				VERSIONING_SYSTEM = "apple-generic";
				VERSION_INFO_PREFIX = "";
			};
			name = Debug;
		};
		DB9053308292421086A9C41B /* Release */ = {
			isa = XCBuildConfiguration;
			buildSettings = {
				CODE_SIGN_IDENTITY = "";
				CURRENT_PROJECT_VERSION = 1;
				DEFINES_MODULE = YES;
				DYLIB_COMPATIBILITY_VERSION = 1;
				DYLIB_CURRENT_VERSION = 1;
				DYLIB_INSTALL_NAME_BASE = "@rpath";
				INFOPLIST_FILE = "Derived/InfoPlists/ConnectFeature-Info.plist";
				INSTALL_PATH = "$(LOCAL_LIBRARY_DIR)/Frameworks";
				IPHONEOS_DEPLOYMENT_TARGET = 17.0;
				LD_RUNPATH_SEARCH_PATHS = (
					"$(inherited)",
					"@executable_path/Frameworks",
					"@loader_path/Frameworks",
				);
				PRODUCT_BUNDLE_IDENTIFIER = com.moment.features.connect;
				PRODUCT_NAME = ConnectFeature;
				SDKROOT = iphoneos;
				SKIP_INSTALL = YES;
				SUPPORTS_MACCATALYST = NO;
				SUPPORTS_MAC_DESIGNED_FOR_IPHONE_IPAD = NO;
				SUPPORTS_XR_DESIGNED_FOR_IPHONE_IPAD = NO;
				SWIFT_COMPILATION_MODE = wholemodule;
				SWIFT_OPTIMIZATION_LEVEL = "-O";
				SWIFT_VERSION = 5.0;
				TARGETED_DEVICE_FAMILY = 1;
				VERSIONING_SYSTEM = "apple-generic";
				VERSION_INFO_PREFIX = "";
			};
			name = Release;
		};
		E815A752DDC2622557B0F879 /* Debug */ = {
			isa = XCBuildConfiguration;
			buildSettings = {
				ALWAYS_SEARCH_USER_PATHS = NO;
				CLANG_ANALYZER_LOCALIZABILITY_NONLOCALIZED = YES;
				CLANG_ANALYZER_NONNULL = YES;
				CLANG_ANALYZER_NUMBER_OBJECT_CONVERSION = YES_AGGRESSIVE;
				CLANG_CXX_LANGUAGE_STANDARD = "gnu++14";
				CLANG_CXX_LIBRARY = "libc++";
				CLANG_ENABLE_MODULES = YES;
				CLANG_ENABLE_OBJC_ARC = YES;
				CLANG_ENABLE_OBJC_WEAK = YES;
				CLANG_WARN_BLOCK_CAPTURE_AUTORELEASING = YES;
				CLANG_WARN_BOOL_CONVERSION = YES;
				CLANG_WARN_COMMA = YES;
				CLANG_WARN_CONSTANT_CONVERSION = YES;
				CLANG_WARN_DEPRECATED_OBJC_IMPLEMENTATIONS = YES;
				CLANG_WARN_DIRECT_OBJC_ISA_USAGE = YES_ERROR;
				CLANG_WARN_DOCUMENTATION_COMMENTS = YES;
				CLANG_WARN_EMPTY_BODY = YES;
				CLANG_WARN_ENUM_CONVERSION = YES;
				CLANG_WARN_INFINITE_RECURSION = YES;
				CLANG_WARN_INT_CONVERSION = YES;
				CLANG_WARN_NON_LITERAL_NULL_CONVERSION = YES;
				CLANG_WARN_OBJC_IMPLICIT_RETAIN_SELF = YES;
				CLANG_WARN_OBJC_LITERAL_CONVERSION = YES;
				CLANG_WARN_OBJC_ROOT_CLASS = YES_ERROR;
				CLANG_WARN_QUOTED_INCLUDE_IN_FRAMEWORK_HEADER = YES;
				CLANG_WARN_RANGE_LOOP_ANALYSIS = YES;
				CLANG_WARN_STRICT_PROTOTYPES = YES;
				CLANG_WARN_SUSPICIOUS_MOVE = YES;
				CLANG_WARN_UNGUARDED_AVAILABILITY = YES_AGGRESSIVE;
				CLANG_WARN_UNREACHABLE_CODE = YES;
				CLANG_WARN__DUPLICATE_METHOD_MATCH = YES;
				COPY_PHASE_STRIP = NO;
				DEAD_CODE_STRIPPING = YES;
				DEBUG_INFORMATION_FORMAT = dwarf;
				ENABLE_STRICT_OBJC_MSGSEND = YES;
				ENABLE_TESTABILITY = YES;
				GCC_C_LANGUAGE_STANDARD = gnu11;
				GCC_DYNAMIC_NO_PIC = NO;
				GCC_NO_COMMON_BLOCKS = YES;
				GCC_OPTIMIZATION_LEVEL = 0;
				GCC_PREPROCESSOR_DEFINITIONS = (
					"DEBUG=1",
					"$(inherited)",
				);
				GCC_WARN_64_TO_32_BIT_CONVERSION = YES;
				GCC_WARN_ABOUT_RETURN_TYPE = YES_ERROR;
				GCC_WARN_UNDECLARED_SELECTOR = YES;
				GCC_WARN_UNINITIALIZED_AUTOS = YES_AGGRESSIVE;
				GCC_WARN_UNUSED_FUNCTION = YES;
				GCC_WARN_UNUSED_VARIABLE = YES;
				MTL_ENABLE_DEBUG_INFO = YES;
				ONLY_ACTIVE_ARCH = YES;
				PRODUCT_NAME = "$(TARGET_NAME)";
				SWIFT_ALLOW_MACRO_ATTESTATIONS = YES;
			};
			name = Debug;
		};
		ECBFD7DF665247E2F731F151 /* Debug */ = {
			isa = XCBuildConfiguration;
			buildSettings = {
				CODE_SIGN_IDENTITY = "";
				CURRENT_PROJECT_VERSION = 1;
				DEFINES_MODULE = YES;
				DYLIB_COMPATIBILITY_VERSION = 1;
				DYLIB_CURRENT_VERSION = 1;
				DYLIB_INSTALL_NAME_BASE = "@rpath";
				INFOPLIST_FILE = "Derived/InfoPlists/AuthFeature-Info.plist";
				INSTALL_PATH = "$(LOCAL_LIBRARY_DIR)/Frameworks";
				IPHONEOS_DEPLOYMENT_TARGET = 17.0;
				LD_RUNPATH_SEARCH_PATHS = (
					"$(inherited)",
					"@executable_path/Frameworks",
					"@loader_path/Frameworks",
				);
				PRODUCT_BUNDLE_IDENTIFIER = com.moment.features.auth;
				PRODUCT_NAME = AuthFeature;
				SDKROOT = iphoneos;
				SKIP_INSTALL = YES;
				SUPPORTS_MACCATALYST = NO;
				SUPPORTS_MAC_DESIGNED_FOR_IPHONE_IPAD = NO;
				SUPPORTS_XR_DESIGNED_FOR_IPHONE_IPAD = NO;
				SWIFT_ACTIVE_COMPILATION_CONDITIONS = (
					"$(inherited)",
					DEBUG,
				);
				SWIFT_COMPILATION_MODE = singlefile;
				SWIFT_OPTIMIZATION_LEVEL = "-Onone";
				SWIFT_VERSION = 5.0;
				TARGETED_DEVICE_FAMILY = 1;
				VERSIONING_SYSTEM = "apple-generic";
				VERSION_INFO_PREFIX = "";
			};
			name = Debug;
		};
		FB34857F0D0361A34F1F9074 /* Release */ = {
			isa = XCBuildConfiguration;
			buildSettings = {
				ASSETCATALOG_COMPILER_APPICON_NAME = AppIcon;
				ASSETCATALOG_COMPILER_GLOBAL_ACCENT_COLOR_NAME = AccentColor;
				CODE_SIGN_IDENTITY = "iPhone Developer";
				ENABLE_PREVIEWS = YES;
				INFOPLIST_FILE = "Derived/InfoPlists/MomentApp-Info.plist";
				IPHONEOS_DEPLOYMENT_TARGET = 17.0;
				LD_RUNPATH_SEARCH_PATHS = (
					"$(inherited)",
					"@executable_path/Frameworks",
				);
				PRODUCT_BUNDLE_IDENTIFIER = com.moment.app;
				PRODUCT_NAME = MomentApp;
				SDKROOT = iphoneos;
				SUPPORTS_MACCATALYST = NO;
				SUPPORTS_MAC_DESIGNED_FOR_IPHONE_IPAD = NO;
				SUPPORTS_XR_DESIGNED_FOR_IPHONE_IPAD = NO;
				SWIFT_COMPILATION_MODE = wholemodule;
				SWIFT_OPTIMIZATION_LEVEL = "-O";
				SWIFT_VERSION = 5.0;
				TARGETED_DEVICE_FAMILY = 1;
			};
			name = Release;
		};
/* End XCBuildConfiguration section */

/* Begin XCConfigurationList section */
		0B1F2AFA9E126EEE4DE17422 /* Build configuration list for PBXNativeTarget "AuthFeature" */ = {
			isa = XCConfigurationList;
			buildConfigurations = (
				ECBFD7DF665247E2F731F151 /* Debug */,
				4EB69AD5F05837D07931F268 /* Release */,
			);
			defaultConfigurationIsVisible = 0;
			defaultConfigurationName = Release;
		};
		8446B9F70EC8C1E1AFB2A3EF /* Build configuration list for PBXNativeTarget "Domain" */ = {
			isa = XCConfigurationList;
			buildConfigurations = (
				30F3EFA7C2A42CA3ADABE913 /* Debug */,
				ACE620288E6FBDA5B08B8760 /* Release */,
			);
			defaultConfigurationIsVisible = 0;
			defaultConfigurationName = Release;
		};
		A9F829B4C8BBE907B0702FDD /* Build configuration list for PBXNativeTarget "CoreKit" */ = {
			isa = XCConfigurationList;
			buildConfigurations = (
				4E7B183AA35861395AA6527F /* Debug */,
				41AEAEB39CE037BD33408A17 /* Release */,
			);
			defaultConfigurationIsVisible = 0;
			defaultConfigurationName = Release;
		};
		B6060AB52C0E568268AB6D83 /* Build configuration list for PBXNativeTarget "ConnectFeature" */ = {
			isa = XCConfigurationList;
			buildConfigurations = (
				BF83715BCFEA7E66D0A59F4F /* Debug */,
				DB9053308292421086A9C41B /* Release */,
			);
			defaultConfigurationIsVisible = 0;
			defaultConfigurationName = Release;
		};
		BE29414FBFACDF8E0E0475C4 /* Build configuration list for PBXNativeTarget "Networking" */ = {
			isa = XCConfigurationList;
			buildConfigurations = (
				DAA3C9AFC9CE0F3C94750CE4 /* Debug */,
				39A40980E63A2E25E53F5AC5 /* Release */,
			);
			defaultConfigurationIsVisible = 0;
			defaultConfigurationName = Release;
		};
		E22C588F0639BB20EBDBEDE0 /* Build configuration list for PBXNativeTarget "MomentUIKit" */ = {
			isa = XCConfigurationList;
			buildConfigurations = (
				C884FBE869BA9C7AB06EDE32 /* Debug */,
				D73DBADDFA44D14550DE67A2 /* Release */,
			);
			defaultConfigurationIsVisible = 0;
			defaultConfigurationName = Release;
		};
		F2973E4D1D33928994C5CB4E /* Build configuration list for PBXProject "Moment" */ = {
			isa = XCConfigurationList;
			buildConfigurations = (
				E815A752DDC2622557B0F879 /* Debug */,
				433867C74E87B62B0B816946 /* Release */,
			);
			defaultConfigurationIsVisible = 0;
			defaultConfigurationName = Release;
		};
		F90C3CE2A58EA8FB1D4E07D5 /* Build configuration list for PBXNativeTarget "MomentApp" */ = {
			isa = XCConfigurationList;
			buildConfigurations = (
				4217329FED84B8E2C867297E /* Debug */,
				FB34857F0D0361A34F1F9074 /* Release */,
			);
			defaultConfigurationIsVisible = 0;
			defaultConfigurationName = Release;
		};
/* End XCConfigurationList section */

/* Begin XCRemoteSwiftPackageReference section */
		B223364099D335066C4BFADF /* XCRemoteSwiftPackageReference "swift-composable-architecture" */ = {
			isa = XCRemoteSwiftPackageReference;
			repositoryURL = "https://github.com/pointfreeco/swift-composable-architecture.git";
			requirement = {
				kind = upToNextMajorVersion;
				minimumVersion = 1.16.0;
			};
		};
		E3873EC5B66E7B9BD0B5CBE5 /* XCRemoteSwiftPackageReference "Alamofire" */ = {
			isa = XCRemoteSwiftPackageReference;
			repositoryURL = "https://github.com/Alamofire/Alamofire.git";
			requirement = {
				kind = upToNextMajorVersion;
				minimumVersion = 5.8.0;
			};
		};
/* End XCRemoteSwiftPackageReference section */

/* Begin XCSwiftPackageProductDependency section */
		0E47A587CD297439FB4909C8 /* Alamofire */ = {
			isa = XCSwiftPackageProductDependency;
			productName = Alamofire;
		};
		109BEF0EDCC3DD6780E6AA4A /* ComposableArchitecture */ = {
			isa = XCSwiftPackageProductDependency;
			productName = ComposableArchitecture;
		};
		9ED7282505F3FF834D4644B2 /* ComposableArchitecture */ = {
			isa = XCSwiftPackageProductDependency;
			productName = ComposableArchitecture;
		};
		EA6921ACCFA9836161D8597B /* ComposableArchitecture */ = {
			isa = XCSwiftPackageProductDependency;
			productName = ComposableArchitecture;
		};
/* End XCSwiftPackageProductDependency section */
	};
	rootObject = 03315C3312CAE6422B20B4BD /* Project object */;
}
